// !$*UTF8*$!
{
	archiveVersion = 1;
	classes = {
	};
	objectVersion = 46;
	objects = {

/* Begin PBXBuildFile section */
		C9B766EF1E40F4240018F3A9 /* Timer.cpp in Sources */ = {isa = PBXBuildFile; fileRef = C9B766ED1E40F4240018F3A9 /* Timer.cpp */; };
		C9B766F31E40F4EA0018F3A9 /* Controller.cpp in Sources */ = {isa = PBXBuildFile; fileRef = C9B766F01E40F4EA0018F3A9 /* Controller.cpp */; };
		C9B766F41E40F4EA0018F3A9 /* Runner.cpp in Sources */ = {isa = PBXBuildFile; fileRef = C9B766F21E40F4EA0018F3A9 /* Runner.cpp */; };
/* End PBXBuildFile section */

/* Begin PBXCopyFilesBuildPhase section */
		C9C8873A1E3B9922005CAA25 /* CopyFiles */ = {
			isa = PBXCopyFilesBuildPhase;
			buildActionMask = 2147483647;
			dstPath = /usr/share/man/man1/;
			dstSubfolderSpec = 0;
			files = (
			);
			runOnlyForDeploymentPostprocessing = 1;
		};
/* End PBXCopyFilesBuildPhase section */

/* Begin PBXFileReference section */
		C9B766ED1E40F4240018F3A9 /* Timer.cpp */ = {isa = PBXFileReference; fileEncoding = 4; lastKnownFileType = sourcecode.cpp.cpp; name = Timer.cpp; path = Model/Timer.cpp; sourceTree = "<group>"; };
		C9B766EE1E40F4240018F3A9 /* Timer.hpp */ = {isa = PBXFileReference; fileEncoding = 4; lastKnownFileType = sourcecode.cpp.h; name = Timer.hpp; path = Model/Timer.hpp; sourceTree = "<group>"; };
		C9B766F01E40F4EA0018F3A9 /* Controller.cpp */ = {isa = PBXFileReference; fileEncoding = 4; lastKnownFileType = sourcecode.cpp.cpp; name = Controller.cpp; path = Controller/Controller.cpp; sourceTree = "<group>"; };
		C9B766F11E40F4EA0018F3A9 /* Controller.hpp */ = {isa = PBXFileReference; fileEncoding = 4; lastKnownFileType = sourcecode.cpp.h; name = Controller.hpp; path = Controller/Controller.hpp; sourceTree = "<group>"; };
		C9B766F21E40F4EA0018F3A9 /* Runner.cpp */ = {isa = PBXFileReference; fileEncoding = 4; lastKnownFileType = sourcecode.cpp.cpp; name = Runner.cpp; path = Controller/Runner.cpp; sourceTree = "<group>"; };
		C9C8873C1E3B9923005CAA25 /* Second C++ Project */ = {isa = PBXFileReference; explicitFileType = "compiled.mach-o.executable"; includeInIndex = 0; path = "Second C++ Project"; sourceTree = BUILT_PRODUCTS_DIR; };
/* End PBXFileReference section */

/* Begin PBXFrameworksBuildPhase section */
		C9C887391E3B9922005CAA25 /* Frameworks */ = {
			isa = PBXFrameworksBuildPhase;
			buildActionMask = 2147483647;
			files = (
			);
			runOnlyForDeploymentPostprocessing = 0;
		};
/* End PBXFrameworksBuildPhase section */

/* Begin PBXGroup section */
		C9B766E91E40EC5F0018F3A9 /* Model */ = {
			isa = PBXGroup;
			children = (
				C9B766ED1E40F4240018F3A9 /* Timer.cpp */,
				C9B766EE1E40F4240018F3A9 /* Timer.hpp */,
			);
			name = Model;
			sourceTree = "<group>";
		};
		C9C887331E3B9922005CAA25 = {
			isa = PBXGroup;
			children = (
				C9C8873E1E3B9923005CAA25 /* Second C++ Project */,
				C9C8873D1E3B9923005CAA25 /* Products */,
			);
			sourceTree = "<group>";
		};
		C9C8873D1E3B9923005CAA25 /* Products */ = {
			isa = PBXGroup;
			children = (
				C9C8873C1E3B9923005CAA25 /* Second C++ Project */,
			);
			name = Products;
			sourceTree = "<group>";
		};
		C9C8873E1E3B9923005CAA25 /* Second C++ Project */ = {
			isa = PBXGroup;
			children = (
				C9B766E91E40EC5F0018F3A9 /* Model */,
				C9C887461E3B9A04005CAA25 /* Controller */,
			);
			path = "Second C++ Project";
			sourceTree = "<group>";
		};
		C9C887461E3B9A04005CAA25 /* Controller */ = {
			isa = PBXGroup;
			children = (
				C9B766F01E40F4EA0018F3A9 /* Controller.cpp */,
				C9B766F11E40F4EA0018F3A9 /* Controller.hpp */,
				C9B766F21E40F4EA0018F3A9 /* Runner.cpp */,
			);
			name = Controller;
			sourceTree = "<group>";
		};
/* End PBXGroup section */

/* Begin PBXNativeTarget section */
		C9C8873B1E3B9922005CAA25 /* Second C++ Project */ = {
			isa = PBXNativeTarget;
			buildConfigurationList = C9C887431E3B9923005CAA25 /* Build configuration list for PBXNativeTarget "Second C++ Project" */;
			buildPhases = (
				C9C887381E3B9922005CAA25 /* Sources */,
				C9C887391E3B9922005CAA25 /* Frameworks */,
				C9C8873A1E3B9922005CAA25 /* CopyFiles */,
			);
			buildRules = (
			);
			dependencies = (
			);
			name = "Second C++ Project";
			productName = "Second C++ Project";
			productReference = C9C8873C1E3B9923005CAA25 /* Second C++ Project */;
			productType = "com.apple.product-type.tool";
		};
/* End PBXNativeTarget section */

/* Begin PBXProject section */
		C9C887341E3B9922005CAA25 /* Project object */ = {
			isa = PBXProject;
			attributes = {
				LastUpgradeCheck = 0810;
				ORGANIZATIONNAME = "Moffat, Braeden";
				TargetAttributes = {
					C9C8873B1E3B9922005CAA25 = {
						CreatedOnToolsVersion = 8.1;
						ProvisioningStyle = Automatic;
					};
				};
			};
			buildConfigurationList = C9C887371E3B9922005CAA25 /* Build configuration list for PBXProject "Second C++ Project" */;
			compatibilityVersion = "Xcode 3.2";
			developmentRegion = English;
			hasScannedForEncodings = 0;
			knownRegions = (
				en,
			);
			mainGroup = C9C887331E3B9922005CAA25;
			productRefGroup = C9C8873D1E3B9923005CAA25 /* Products */;
			projectDirPath = "";
			projectRoot = "";
			targets = (
				C9C8873B1E3B9922005CAA25 /* Second C++ Project */,
			);
		};
/* End PBXProject section */

/* Begin PBXSourcesBuildPhase section */
		C9C887381E3B9922005CAA25 /* Sources */ = {
			isa = PBXSourcesBuildPhase;
			buildActionMask = 2147483647;
			files = (
				C9B766F41E40F4EA0018F3A9 /* Runner.cpp in Sources */,
				C9B766EF1E40F4240018F3A9 /* Timer.cpp in Sources */,
				C9B766F31E40F4EA0018F3A9 /* Controller.cpp in Sources */,
			);
			runOnlyForDeploymentPostprocessing = 0;
		};
/* End PBXSourcesBuildPhase section */

/* Begin XCBuildConfiguration section */
		C9C887411E3B9923005CAA25 /* Debug */ = {
			isa = XCBuildConfiguration;
			buildSettings = {
				ALWAYS_SEARCH_USER_PATHS = NO;
				CLANG_ANALYZER_NONNULL = YES;
				CLANG_CXX_LANGUAGE_STANDARD = "gnu++0x";
				CLANG_CXX_LIBRARY = "libc++";
				CLANG_ENABLE_MODULES = YES;
				CLANG_ENABLE_OBJC_ARC = YES;
				CLANG_WARN_BOOL_CONVERSION = YES;
				CLANG_WARN_CONSTANT_CONVERSION = YES;
				CLANG_WARN_DIRECT_OBJC_ISA_USAGE = YES_ERROR;
				CLANG_WARN_DOCUMENTATION_COMMENTS = YES;
				CLANG_WARN_EMPTY_BODY = YES;
				CLANG_WARN_ENUM_CONVERSION = YES;
				CLANG_WARN_INFINITE_RECURSION = YES;
				CLANG_WARN_INT_CONVERSION = YES;
				CLANG_WARN_OBJC_ROOT_CLASS = YES_ERROR;
				CLANG_WARN_SUSPICIOUS_MOVES = YES;
				CLANG_WARN_UNREACHABLE_CODE = YES;
				CLANG_WARN__DUPLICATE_METHOD_MATCH = YES;
				CODE_SIGN_IDENTITY = "-";
				COPY_PHASE_STRIP = NO;
				DEBUG_INFORMATION_FORMAT = dwarf;
				ENABLE_STRICT_OBJC_MSGSEND = YES;
				ENABLE_TESTABILITY = YES;
				GCC_C_LANGUAGE_STANDARD = gnu99;
				GCC_DYNAMIC_NO_PIC = NO;
				GCC_NO_COMMON_BLOCKS = YES;
				GCC_OPTIMIZATION_LEVEL = 0;
				GCC_PREPROCESSOR_DEFINITIONS = (
					"DEBUG=1",
					"$(inherited)",
				);
				GCC_WARN_64_TO_32_BIT_CONVERSION = YES;
				GCC_WARN_ABOUT_RETURN_TYPE = YES_ERROR;
				GCC_WARN_UNDECLARED_SELECTOR = YES;
				GCC_WARN_UNINITIALIZED_AUTOS = YES_AGGRESSIVE;
				GCC_WARN_UNUSED_FUNCTION = YES;
				GCC_WARN_UNUSED_VARIABLE = YES;
				MACOSX_DEPLOYMENT_TARGET = 10.11;
				MTL_ENABLE_DEBUG_INFO = YES;
				ONLY_ACTIVE_ARCH = YES;
				SDKROOT = macosx;
			};
			name = Debug;
		};
		C9C887421E3B9923005CAA25 /* Release */ = {
			isa = XCBuildConfiguration;
			buildSettings = {
				ALWAYS_SEARCH_USER_PATHS = NO;
				CLANG_ANALYZER_NONNULL = YES;
				CLANG_CXX_LANGUAGE_STANDARD = "gnu++0x";
				CLANG_CXX_LIBRARY = "libc++";
				CLANG_ENABLE_MODULES = YES;
				CLANG_ENABLE_OBJC_ARC = YES;
				CLANG_WARN_BOOL_CONVERSION = YES;
				CLANG_WARN_CONSTANT_CONVERSION = YES;
				CLANG_WARN_DIRECT_OBJC_ISA_USAGE = YES_ERROR;
				CLANG_WARN_DOCUMENTATION_COMMENTS = YES;
				CLANG_WARN_EMPTY_BODY = YES;
				CLANG_WARN_ENUM_CONVERSION = YES;
				CLANG_WARN_INFINITE_RECURSION = YES;
				CLANG_WARN_INT_CONVERSION = YES;
				CLANG_WARN_OBJC_ROOT_CLASS = YES_ERROR;
				CLANG_WARN_SUSPICIOUS_MOVES = YES;
				CLANG_WARN_UNREACHABLE_CODE = YES;
				CLANG_WARN__DUPLICATE_METHOD_MATCH = YES;
				CODE_SIGN_IDENTITY = "-";
				COPY_PHASE_STRIP = NO;
				DEBUG_INFORMATION_FORMAT = "dwarf-with-dsym";
				ENABLE_NS_ASSERTIONS = NO;
				ENABLE_STRICT_OBJC_MSGSEND = YES;
				GCC_C_LANGUAGE_STANDARD = gnu99;
				GCC_NO_COMMON_BLOCKS = YES;
				GCC_WARN_64_TO_32_BIT_CONVERSION = YES;
				GCC_WARN_ABOUT_RETURN_TYPE = YES_ERROR;
				GCC_WARN_UNDECLARED_SELECTOR = YES;
				GCC_WARN_UNINITIALIZED_AUTOS = YES_AGGRESSIVE;
				GCC_WARN_UNUSED_FUNCTION = YES;
				GCC_WARN_UNUSED_VARIABLE = YES;
				MACOSX_DEPLOYMENT_TARGET = 10.11;
				MTL_ENABLE_DEBUG_INFO = NO;
				SDKROOT = macosx;
			};
			name = Release;
		};
		C9C887441E3B9923005CAA25 /* Debug */ = {
			isa = XCBuildConfiguration;
			buildSettings = {
				PRODUCT_NAME = "$(TARGET_NAME)";
			};
			name = Debug;
		};
		C9C887451E3B9923005CAA25 /* Release */ = {
			isa = XCBuildConfiguration;
			buildSettings = {
				PRODUCT_NAME = "$(TARGET_NAME)";
			};
			name = Release;
		};
/* End XCBuildConfiguration section */

/* Begin XCConfigurationList section */
		C9C887371E3B9922005CAA25 /* Build configuration list for PBXProject "Second C++ Project" */ = {
			isa = XCConfigurationList;
			buildConfigurations = (
				C9C887411E3B9923005CAA25 /* Debug */,
				C9C887421E3B9923005CAA25 /* Release */,
			);
			defaultConfigurationIsVisible = 0;
			defaultConfigurationName = Release;
		};
		C9C887431E3B9923005CAA25 /* Build configuration list for PBXNativeTarget "Second C++ Project" */ = {
			isa = XCConfigurationList;
			buildConfigurations = (
				C9C887441E3B9923005CAA25 /* Debug */,
				C9C887451E3B9923005CAA25 /* Release */,
			);
			defaultConfigurationIsVisible = 0;
			defaultConfigurationName = Release;
		};
/* End XCConfigurationList section */
	};
	rootObject = C9C887341E3B9922005CAA25 /* Project object */;
}
